
Microsoft Visual Studio Solution File, Format Version 12.00
# Visual Studio Version 16
VisualStudioVersion = 16.0.30330.147
MinimumVisualStudioVersion = 10.0.40219.1
Project("{FAE04EC0-301F-11D3-BF4B-00C04F79EFBC}") = "QuantityMeasurementProblem", "QuantityMeasurementProblem\QuantityMeasurementProblem.csproj", "{31DCFE9C-BC29-43AB-AC7B-0386B042163F}"
EndProject
Project("{FAE04EC0-301F-11D3-BF4B-00C04F79EFBC}") = "QuantityMeasurementProblemTest", "QuantityMeasurementProblemTest\QuantityMeasurementProblemTest.csproj", "{2D3A2403-8BCE-4A3D-95B3-4C264B546471}"
EndProject
Global
	GlobalSection(SolutionConfigurationPlatforms) = preSolution
		Debug|Any CPU = Debug|Any CPU
		Release|Any CPU = Release|Any CPU
	EndGlobalSection
	GlobalSection(ProjectConfigurationPlatforms) = postSolution
		{31DCFE9C-BC29-43AB-AC7B-0386B042163F}.Debug|Any CPU.ActiveCfg = Debug|Any CPU
		{31DCFE9C-BC29-43AB-AC7B-0386B042163F}.Debug|Any CPU.Build.0 = Debug|Any CPU
		{31DCFE9C-BC29-43AB-AC7B-0386B042163F}.Release|Any CPU.ActiveCfg = Release|Any CPU
		{31DCFE9C-BC29-43AB-AC7B-0386B042163F}.Release|Any CPU.Build.0 = Release|Any CPU
		{2D3A2403-8BCE-4A3D-95B3-4C264B546471}.Debug|Any CPU.ActiveCfg = Debug|Any CPU
		{2D3A2403-8BCE-4A3D-95B3-4C264B546471}.Debug|Any CPU.Build.0 = Debug|Any CPU
		{2D3A2403-8BCE-4A3D-95B3-4C264B546471}.Release|Any CPU.ActiveCfg = Release|Any CPU
		{2D3A2403-8BCE-4A3D-95B3-4C264B546471}.Release|Any CPU.Build.0 = Release|Any CPU
	EndGlobalSection
	GlobalSection(SolutionProperties) = preSolution
		HideSolutionNode = FALSE
	EndGlobalSection
	GlobalSection(ExtensibilityGlobals) = postSolution
		SolutionGuid = {2DA1C370-A19B-4606-99A9-898C6CC68B68}
	EndGlobalSection
EndGlobal
